
Microsoft Visual Studio Solution File, Format Version 12.00
# Visual Studio Version 17
VisualStudioVersion = 17.2.32616.157
MinimumVisualStudioVersion = 10.0.40219.1
Project("{9A19103F-16F7-4668-BE54-9A1E7A4F7556}") = "CapaInterfazServidor", "Tarea1_YerlinReyes\CapaInterfazServidor.csproj", "{FC251F6D-CC65-420A-913F-9EDF7ECF4815}"
EndProject
Project("{FAE04EC0-301F-11D3-BF4B-00C04F79EFBC}") = "CapaEntidades", "CapaEntidades\CapaEntidades.csproj", "{922F489B-3400-4781-A897-01370A555BB0}"
EndProject
Project("{FAE04EC0-301F-11D3-BF4B-00C04F79EFBC}") = "CapaDatos", "CapaDatos\CapaDatos.csproj", "{514C45C5-6681-4EC2-8456-234A7C9D4912}"
EndProject
Global
	GlobalSection(SolutionConfigurationPlatforms) = preSolution
		Debug|Any CPU = Debug|Any CPU
		Release|Any CPU = Release|Any CPU
	EndGlobalSection
	GlobalSection(ProjectConfigurationPlatforms) = postSolution
		{FC251F6D-CC65-420A-913F-9EDF7ECF4815}.Debug|Any CPU.ActiveCfg = Debug|Any CPU
		{FC251F6D-CC65-420A-913F-9EDF7ECF4815}.Debug|Any CPU.Build.0 = Debug|Any CPU
		{FC251F6D-CC65-420A-913F-9EDF7ECF4815}.Release|Any CPU.ActiveCfg = Release|Any CPU
		{FC251F6D-CC65-420A-913F-9EDF7ECF4815}.Release|Any CPU.Build.0 = Release|Any CPU
		{922F489B-3400-4781-A897-01370A555BB0}.Debug|Any CPU.ActiveCfg = Debug|Any CPU
		{922F489B-3400-4781-A897-01370A555BB0}.Debug|Any CPU.Build.0 = Debug|Any CPU
		{922F489B-3400-4781-A897-01370A555BB0}.Release|Any CPU.ActiveCfg = Release|Any CPU
		{922F489B-3400-4781-A897-01370A555BB0}.Release|Any CPU.Build.0 = Release|Any CPU
		{514C45C5-6681-4EC2-8456-234A7C9D4912}.Debug|Any CPU.ActiveCfg = Debug|Any CPU
		{514C45C5-6681-4EC2-8456-234A7C9D4912}.Debug|Any CPU.Build.0 = Debug|Any CPU
		{514C45C5-6681-4EC2-8456-234A7C9D4912}.Release|Any CPU.ActiveCfg = Release|Any CPU
		{514C45C5-6681-4EC2-8456-234A7C9D4912}.Release|Any CPU.Build.0 = Release|Any CPU
	EndGlobalSection
	GlobalSection(SolutionProperties) = preSolution
		HideSolutionNode = FALSE
	EndGlobalSection
	GlobalSection(ExtensibilityGlobals) = postSolution
		SolutionGuid = {367F9F1F-8655-47D9-896A-6D7894E43418}
	EndGlobalSection
EndGlobal
